# This file is autogenerated, do not edit; changes may be undone by the next 'dep ensure'.


[[projects]]
  name = "github.com/aws/aws-lambda-go"
  packages = [
    "events",
    "lambda",
    "lambda/messages",
    "lambdacontext"
  ]
  revision = "fafa7e49388b8991caf99308e80655ba91816b72"
  version = "v1.1.0"

[[projects]]
  branch = "master"
  name = "github.com/dlion/hex2rgb"
  packages = ["."]
  revision = "1fcd5e84951d134121118566045d9aa696c3334a"

[[projects]]
  branch = "master"
  name = "github.com/fivenp/go-identicon"
  packages = ["."]
  revision = "3fbe2ff7477383cf8ec90d088964c738a2a7f229"

[[projects]]
  name = "github.com/fogleman/gg"
  packages = ["."]
  revision = "6166aa3c1afaee416f384645a81636267aee6d25"
  version = "v1.0.0"

[[projects]]
  branch = "master"
  name = "github.com/golang/freetype"
  packages = [
    "raster",
    "truetype"
  ]
  revision = "e2365dfdc4a05e4b8299a783240d4a7d5a65d4e4"

[[projects]]
  branch = "master"
  name = "golang.org/x/image"
  packages = [
    "font",
    "font/basicfont",
    "font/plan9font",
    "math/fixed"
  ]
  revision = "f3a9b89b59def9194717c1d0bd4c0d08fa1afa7b"

[solve-meta]
  analyzer-name = "dep"
  analyzer-version = 1
  inputs-digest = "75f2d2a610a633a6de3073463043338d69a65d93771963e72363485e561268ec"
  solver-name = "gps-cdcl"
  solver-version = 1
